// !$*UTF8*$!
{
	archiveVersion = 1;
	classes = {
	};
	objectVersion = 50;
	objects = {

/* Begin PBXBuildFile section */
		94E6BE442558D109005DC341 /* Landmarks_JMRApp.swift in Sources */ = {isa = PBXBuildFile; fileRef = 94E6BE432558D109005DC341 /* Landmarks_JMRApp.swift */; };
		94E6BE462558D109005DC341 /* LandmarkDetail.swift in Sources */ = {isa = PBXBuildFile; fileRef = 94E6BE452558D109005DC341 /* LandmarkDetail.swift */; };
		94E6BE482558D10C005DC341 /* Assets.xcassets in Resources */ = {isa = PBXBuildFile; fileRef = 94E6BE472558D10C005DC341 /* Assets.xcassets */; };
		94E6BE4B2558D10C005DC341 /* Preview Assets.xcassets in Resources */ = {isa = PBXBuildFile; fileRef = 94E6BE4A2558D10C005DC341 /* Preview Assets.xcassets */; };
		94E6BE542558D520005DC341 /* CircleImage.swift in Sources */ = {isa = PBXBuildFile; fileRef = 94E6BE532558D520005DC341 /* CircleImage.swift */; };
		94E6BE572558D5EB005DC341 /* MapView.swift in Sources */ = {isa = PBXBuildFile; fileRef = 94E6BE562558D5EB005DC341 /* MapView.swift */; };
		94E6BE5C2558DBD6005DC341 /* Data.swift in Sources */ = {isa = PBXBuildFile; fileRef = 94E6BE5A2558DBD6005DC341 /* Data.swift */; };
		94E6BE5D2558DBD6005DC341 /* Landmark.swift in Sources */ = {isa = PBXBuildFile; fileRef = 94E6BE5B2558DBD6005DC341 /* Landmark.swift */; };
		94E6BE6D2558DC00005DC341 /* turtlerock.jpg in Resources */ = {isa = PBXBuildFile; fileRef = 94E6BE602558DC00005DC341 /* turtlerock.jpg */; };
		94E6BE6E2558DC00005DC341 /* silversalmoncreek.jpg in Resources */ = {isa = PBXBuildFile; fileRef = 94E6BE612558DC00005DC341 /* silversalmoncreek.jpg */; };
		94E6BE6F2558DC00005DC341 /* icybay.jpg in Resources */ = {isa = PBXBuildFile; fileRef = 94E6BE622558DC00005DC341 /* icybay.jpg */; };
		94E6BE702558DC00005DC341 /* lakemcdonald.jpg in Resources */ = {isa = PBXBuildFile; fileRef = 94E6BE632558DC00005DC341 /* lakemcdonald.jpg */; };
		94E6BE712558DC00005DC341 /* hiddenlake.jpg in Resources */ = {isa = PBXBuildFile; fileRef = 94E6BE642558DC00005DC341 /* hiddenlake.jpg */; };
		94E6BE722558DC00005DC341 /* twinlake.jpg in Resources */ = {isa = PBXBuildFile; fileRef = 94E6BE652558DC00005DC341 /* twinlake.jpg */; };
		94E6BE732558DC00005DC341 /* umbagog.jpg in Resources */ = {isa = PBXBuildFile; fileRef = 94E6BE662558DC00005DC341 /* umbagog.jpg */; };
		94E6BE742558DC00005DC341 /* landmarkData.json in Resources */ = {isa = PBXBuildFile; fileRef = 94E6BE672558DC00005DC341 /* landmarkData.json */; };
		94E6BE752558DC00005DC341 /* chincoteague.jpg in Resources */ = {isa = PBXBuildFile; fileRef = 94E6BE682558DC00005DC341 /* chincoteague.jpg */; };
		94E6BE762558DC00005DC341 /* yukon_charleyrivers.jpg in Resources */ = {isa = PBXBuildFile; fileRef = 94E6BE692558DC00005DC341 /* yukon_charleyrivers.jpg */; };
		94E6BE772558DC00005DC341 /* stmarylake.jpg in Resources */ = {isa = PBXBuildFile; fileRef = 94E6BE6A2558DC00005DC341 /* stmarylake.jpg */; };
		94E6BE782558DC00005DC341 /* chilkoottrail.jpg in Resources */ = {isa = PBXBuildFile; fileRef = 94E6BE6B2558DC00005DC341 /* chilkoottrail.jpg */; };
		94E6BE792558DC00005DC341 /* rainbowlake.jpg in Resources */ = {isa = PBXBuildFile; fileRef = 94E6BE6C2558DC00005DC341 /* rainbowlake.jpg */; };
		94E6BE802558E003005DC341 /* LandmarkRow.swift in Sources */ = {isa = PBXBuildFile; fileRef = 94E6BE7F2558E003005DC341 /* LandmarkRow.swift */; };
		94E6BE832558E218005DC341 /* LandmarkList.swift in Sources */ = {isa = PBXBuildFile; fileRef = 94E6BE822558E218005DC341 /* LandmarkList.swift */; };
/* End PBXBuildFile section */

/* Begin PBXBuildRule section */
		94E6BE7D2558DD81005DC341 /* PBXBuildRule */ = {
			isa = PBXBuildRule;
			compilerSpec = com.apple.compilers.proxy.script;
			fileType = pattern.proxy;
			inputFiles = (
			);
			isEditable = 1;
			outputFiles = (
			);
			script = "# Type a script or drag a script file from your workspace to insert its path.\n";
		};
/* End PBXBuildRule section */

/* Begin PBXFileReference section */
		94E6BE402558D109005DC341 /* Landmarks_JMR.app */ = {isa = PBXFileReference; explicitFileType = wrapper.application; includeInIndex = 0; path = Landmarks_JMR.app; sourceTree = BUILT_PRODUCTS_DIR; };
		94E6BE432558D109005DC341 /* Landmarks_JMRApp.swift */ = {isa = PBXFileReference; lastKnownFileType = sourcecode.swift; path = Landmarks_JMRApp.swift; sourceTree = "<group>"; };
		94E6BE452558D109005DC341 /* LandmarkDetail.swift */ = {isa = PBXFileReference; lastKnownFileType = sourcecode.swift; path = LandmarkDetail.swift; sourceTree = "<group>"; };
		94E6BE472558D10C005DC341 /* Assets.xcassets */ = {isa = PBXFileReference; lastKnownFileType = folder.assetcatalog; path = Assets.xcassets; sourceTree = "<group>"; };
		94E6BE4A2558D10C005DC341 /* Preview Assets.xcassets */ = {isa = PBXFileReference; lastKnownFileType = folder.assetcatalog; path = "Preview Assets.xcassets"; sourceTree = "<group>"; };
		94E6BE4C2558D10C005DC341 /* Info.plist */ = {isa = PBXFileReference; lastKnownFileType = text.plist.xml; path = Info.plist; sourceTree = "<group>"; };
		94E6BE532558D520005DC341 /* CircleImage.swift */ = {isa = PBXFileReference; lastKnownFileType = sourcecode.swift; path = CircleImage.swift; sourceTree = "<group>"; };
		94E6BE562558D5EB005DC341 /* MapView.swift */ = {isa = PBXFileReference; lastKnownFileType = sourcecode.swift; path = MapView.swift; sourceTree = "<group>"; };
		94E6BE5A2558DBD6005DC341 /* Data.swift */ = {isa = PBXFileReference; fileEncoding = 4; lastKnownFileType = sourcecode.swift; path = Data.swift; sourceTree = "<group>"; };
		94E6BE5B2558DBD6005DC341 /* Landmark.swift */ = {isa = PBXFileReference; fileEncoding = 4; lastKnownFileType = sourcecode.swift; path = Landmark.swift; sourceTree = "<group>"; };
		94E6BE602558DC00005DC341 /* turtlerock.jpg */ = {isa = PBXFileReference; lastKnownFileType = image.jpeg; path = turtlerock.jpg; sourceTree = "<group>"; };
		94E6BE612558DC00005DC341 /* silversalmoncreek.jpg */ = {isa = PBXFileReference; lastKnownFileType = image.jpeg; path = silversalmoncreek.jpg; sourceTree = "<group>"; };
		94E6BE622558DC00005DC341 /* icybay.jpg */ = {isa = PBXFileReference; lastKnownFileType = image.jpeg; path = icybay.jpg; sourceTree = "<group>"; };
		94E6BE632558DC00005DC341 /* lakemcdonald.jpg */ = {isa = PBXFileReference; lastKnownFileType = image.jpeg; path = lakemcdonald.jpg; sourceTree = "<group>"; };
		94E6BE642558DC00005DC341 /* hiddenlake.jpg */ = {isa = PBXFileReference; lastKnownFileType = image.jpeg; path = hiddenlake.jpg; sourceTree = "<group>"; };
		94E6BE652558DC00005DC341 /* twinlake.jpg */ = {isa = PBXFileReference; lastKnownFileType = image.jpeg; path = twinlake.jpg; sourceTree = "<group>"; };
		94E6BE662558DC00005DC341 /* umbagog.jpg */ = {isa = PBXFileReference; lastKnownFileType = image.jpeg; path = umbagog.jpg; sourceTree = "<group>"; };
		94E6BE672558DC00005DC341 /* landmarkData.json */ = {isa = PBXFileReference; fileEncoding = 4; lastKnownFileType = text.json; path = landmarkData.json; sourceTree = "<group>"; };
		94E6BE682558DC00005DC341 /* chincoteague.jpg */ = {isa = PBXFileReference; lastKnownFileType = image.jpeg; path = chincoteague.jpg; sourceTree = "<group>"; };
		94E6BE692558DC00005DC341 /* yukon_charleyrivers.jpg */ = {isa = PBXFileReference; lastKnownFileType = image.jpeg; path = yukon_charleyrivers.jpg; sourceTree = "<group>"; };
		94E6BE6A2558DC00005DC341 /* stmarylake.jpg */ = {isa = PBXFileReference; lastKnownFileType = image.jpeg; path = stmarylake.jpg; sourceTree = "<group>"; };
		94E6BE6B2558DC00005DC341 /* chilkoottrail.jpg */ = {isa = PBXFileReference; lastKnownFileType = image.jpeg; path = chilkoottrail.jpg; sourceTree = "<group>"; };
		94E6BE6C2558DC00005DC341 /* rainbowlake.jpg */ = {isa = PBXFileReference; lastKnownFileType = image.jpeg; path = rainbowlake.jpg; sourceTree = "<group>"; };
		94E6BE7F2558E003005DC341 /* LandmarkRow.swift */ = {isa = PBXFileReference; lastKnownFileType = sourcecode.swift; path = LandmarkRow.swift; sourceTree = "<group>"; };
		94E6BE822558E218005DC341 /* LandmarkList.swift */ = {isa = PBXFileReference; lastKnownFileType = sourcecode.swift; path = LandmarkList.swift; sourceTree = "<group>"; };
/* End PBXFileReference section */

/* Begin PBXFrameworksBuildPhase section */
		94E6BE3D2558D109005DC341 /* Frameworks */ = {
			isa = PBXFrameworksBuildPhase;
			buildActionMask = 2147483647;
			files = (
			);
			runOnlyForDeploymentPostprocessing = 0;
		};
/* End PBXFrameworksBuildPhase section */

/* Begin PBXGroup section */
		94E6BE372558D109005DC341 = {
			isa = PBXGroup;
			children = (
				94E6BE422558D109005DC341 /* Landmarks_JMR */,
				94E6BE412558D109005DC341 /* Products */,
			);
			sourceTree = "<group>";
		};
		94E6BE412558D109005DC341 /* Products */ = {
			isa = PBXGroup;
			children = (
				94E6BE402558D109005DC341 /* Landmarks_JMR.app */,
			);
			name = Products;
			sourceTree = "<group>";
		};
		94E6BE422558D109005DC341 /* Landmarks_JMR */ = {
			isa = PBXGroup;
			children = (
				94E6BE5F2558DC00005DC341 /* Resources */,
				94E6BE592558DBD6005DC341 /* Models */,
				94E6BE432558D109005DC341 /* Landmarks_JMRApp.swift */,
				94E6BE452558D109005DC341 /* LandmarkDetail.swift */,
				94E6BE7F2558E003005DC341 /* LandmarkRow.swift */,
				94E6BE822558E218005DC341 /* LandmarkList.swift */,
				94E6BE472558D10C005DC341 /* Assets.xcassets */,
				94E6BE7B2558DC1D005DC341 /* SupportingViews_JMR */,
				94E6BE4C2558D10C005DC341 /* Info.plist */,
				94E6BE492558D10C005DC341 /* Preview Content */,
			);
			path = Landmarks_JMR;
			sourceTree = "<group>";
		};
		94E6BE492558D10C005DC341 /* Preview Content */ = {
			isa = PBXGroup;
			children = (
				94E6BE4A2558D10C005DC341 /* Preview Assets.xcassets */,
			);
			path = "Preview Content";
			sourceTree = "<group>";
		};
		94E6BE592558DBD6005DC341 /* Models */ = {
			isa = PBXGroup;
			children = (
				94E6BE5A2558DBD6005DC341 /* Data.swift */,
				94E6BE5B2558DBD6005DC341 /* Landmark.swift */,
			);
			path = Models;
			sourceTree = "<group>";
		};
		94E6BE5F2558DC00005DC341 /* Resources */ = {
			isa = PBXGroup;
			children = (
				94E6BE602558DC00005DC341 /* turtlerock.jpg */,
				94E6BE612558DC00005DC341 /* silversalmoncreek.jpg */,
				94E6BE622558DC00005DC341 /* icybay.jpg */,
				94E6BE632558DC00005DC341 /* lakemcdonald.jpg */,
				94E6BE642558DC00005DC341 /* hiddenlake.jpg */,
				94E6BE652558DC00005DC341 /* twinlake.jpg */,
				94E6BE662558DC00005DC341 /* umbagog.jpg */,
				94E6BE672558DC00005DC341 /* landmarkData.json */,
				94E6BE682558DC00005DC341 /* chincoteague.jpg */,
				94E6BE692558DC00005DC341 /* yukon_charleyrivers.jpg */,
				94E6BE6A2558DC00005DC341 /* stmarylake.jpg */,
				94E6BE6B2558DC00005DC341 /* chilkoottrail.jpg */,
				94E6BE6C2558DC00005DC341 /* rainbowlake.jpg */,
			);
			path = Resources;
			sourceTree = "<group>";
		};
		94E6BE7B2558DC1D005DC341 /* SupportingViews_JMR */ = {
			isa = PBXGroup;
			children = (
				94E6BE532558D520005DC341 /* CircleImage.swift */,
				94E6BE562558D5EB005DC341 /* MapView.swift */,
			);
			path = SupportingViews_JMR;
			sourceTree = "<group>";
		};
/* End PBXGroup section */

/* Begin PBXNativeTarget section */
		94E6BE3F2558D109005DC341 /* Landmarks_JMR */ = {
			isa = PBXNativeTarget;
			buildConfigurationList = 94E6BE4F2558D10C005DC341 /* Build configuration list for PBXNativeTarget "Landmarks_JMR" */;
			buildPhases = (
				94E6BE3C2558D109005DC341 /* Sources */,
				94E6BE3D2558D109005DC341 /* Frameworks */,
				94E6BE3E2558D109005DC341 /* Resources */,
			);
			buildRules = (
				94E6BE7D2558DD81005DC341 /* PBXBuildRule */,
			);
			dependencies = (
			);
			name = Landmarks_JMR;
			productName = Landmarks_JMR;
			productReference = 94E6BE402558D109005DC341 /* Landmarks_JMR.app */;
			productType = "com.apple.product-type.application";
		};
/* End PBXNativeTarget section */

/* Begin PBXProject section */
		94E6BE382558D109005DC341 /* Project object */ = {
			isa = PBXProject;
			attributes = {
				LastSwiftUpdateCheck = 1200;
				LastUpgradeCheck = 1200;
				TargetAttributes = {
					94E6BE3F2558D109005DC341 = {
						CreatedOnToolsVersion = 12.0.1;
					};
				};
			};
			buildConfigurationList = 94E6BE3B2558D109005DC341 /* Build configuration list for PBXProject "Landmarks_JMR" */;
			compatibilityVersion = "Xcode 9.3";
			developmentRegion = en;
			hasScannedForEncodings = 0;
			knownRegions = (
				en,
				Base,
			);
			mainGroup = 94E6BE372558D109005DC341;
			productRefGroup = 94E6BE412558D109005DC341 /* Products */;
			projectDirPath = "";
			projectRoot = "";
			targets = (
				94E6BE3F2558D109005DC341 /* Landmarks_JMR */,
			);
		};
/* End PBXProject section */

/* Begin PBXResourcesBuildPhase section */
		94E6BE3E2558D109005DC341 /* Resources */ = {
			isa = PBXResourcesBuildPhase;
			buildActionMask = 2147483647;
			files = (
				94E6BE702558DC00005DC341 /* lakemcdonald.jpg in Resources */,
				94E6BE792558DC00005DC341 /* rainbowlake.jpg in Resources */,
				94E6BE4B2558D10C005DC341 /* Preview Assets.xcassets in Resources */,
				94E6BE722558DC00005DC341 /* twinlake.jpg in Resources */,
				94E6BE772558DC00005DC341 /* stmarylake.jpg in Resources */,
				94E6BE742558DC00005DC341 /* landmarkData.json in Resources */,
				94E6BE6E2558DC00005DC341 /* silversalmoncreek.jpg in Resources */,
				94E6BE482558D10C005DC341 /* Assets.xcassets in Resources */,
				94E6BE6F2558DC00005DC341 /* icybay.jpg in Resources */,
				94E6BE752558DC00005DC341 /* chincoteague.jpg in Resources */,
				94E6BE782558DC00005DC341 /* chilkoottrail.jpg in Resources */,
				94E6BE732558DC00005DC341 /* umbagog.jpg in Resources */,
				94E6BE6D2558DC00005DC341 /* turtlerock.jpg in Resources */,
				94E6BE762558DC00005DC341 /* yukon_charleyrivers.jpg in Resources */,
				94E6BE712558DC00005DC341 /* hiddenlake.jpg in Resources */,
			);
			runOnlyForDeploymentPostprocessing = 0;
		};
/* End PBXResourcesBuildPhase section */

/* Begin PBXSourcesBuildPhase section */
		94E6BE3C2558D109005DC341 /* Sources */ = {
			isa = PBXSourcesBuildPhase;
			buildActionMask = 2147483647;
			files = (
				94E6BE462558D109005DC341 /* LandmarkDetail.swift in Sources */,
				94E6BE5C2558DBD6005DC341 /* Data.swift in Sources */,
				94E6BE572558D5EB005DC341 /* MapView.swift in Sources */,
				94E6BE832558E218005DC341 /* LandmarkList.swift in Sources */,
				94E6BE442558D109005DC341 /* Landmarks_JMRApp.swift in Sources */,
				94E6BE542558D520005DC341 /* CircleImage.swift in Sources */,
				94E6BE802558E003005DC341 /* LandmarkRow.swift in Sources */,
				94E6BE5D2558DBD6005DC341 /* Landmark.swift in Sources */,
			);
			runOnlyForDeploymentPostprocessing = 0;
		};
/* End PBXSourcesBuildPhase section */

/* Begin XCBuildConfiguration section */
		94E6BE4D2558D10C005DC341 /* Debug */ = {
			isa = XCBuildConfiguration;
			buildSettings = {
				ALWAYS_SEARCH_USER_PATHS = NO;
				CLANG_ANALYZER_NONNULL = YES;
				CLANG_ANALYZER_NUMBER_OBJECT_CONVERSION = YES_AGGRESSIVE;
				CLANG_CXX_LANGUAGE_STANDARD = "gnu++14";
				CLANG_CXX_LIBRARY = "libc++";
				CLANG_ENABLE_MODULES = YES;
				CLANG_ENABLE_OBJC_ARC = YES;
				CLANG_ENABLE_OBJC_WEAK = YES;
				CLANG_WARN_BLOCK_CAPTURE_AUTORELEASING = YES;
				CLANG_WARN_BOOL_CONVERSION = YES;
				CLANG_WARN_COMMA = YES;
				CLANG_WARN_CONSTANT_CONVERSION = YES;
				CLANG_WARN_DEPRECATED_OBJC_IMPLEMENTATIONS = YES;
				CLANG_WARN_DIRECT_OBJC_ISA_USAGE = YES_ERROR;
				CLANG_WARN_DOCUMENTATION_COMMENTS = YES;
				CLANG_WARN_EMPTY_BODY = YES;
				CLANG_WARN_ENUM_CONVERSION = YES;
				CLANG_WARN_INFINITE_RECURSION = YES;
				CLANG_WARN_INT_CONVERSION = YES;
				CLANG_WARN_NON_LITERAL_NULL_CONVERSION = YES;
				CLANG_WARN_OBJC_IMPLICIT_RETAIN_SELF = YES;
				CLANG_WARN_OBJC_LITERAL_CONVERSION = YES;
				CLANG_WARN_OBJC_ROOT_CLASS = YES_ERROR;
				CLANG_WARN_QUOTED_INCLUDE_IN_FRAMEWORK_HEADER = YES;
				CLANG_WARN_RANGE_LOOP_ANALYSIS = YES;
				CLANG_WARN_STRICT_PROTOTYPES = YES;
				CLANG_WARN_SUSPICIOUS_MOVE = YES;
				CLANG_WARN_UNGUARDED_AVAILABILITY = YES_AGGRESSIVE;
				CLANG_WARN_UNREACHABLE_CODE = YES;
				CLANG_WARN__DUPLICATE_METHOD_MATCH = YES;
				COPY_PHASE_STRIP = NO;
				DEBUG_INFORMATION_FORMAT = dwarf;
				ENABLE_STRICT_OBJC_MSGSEND = YES;
				ENABLE_TESTABILITY = YES;
				GCC_C_LANGUAGE_STANDARD = gnu11;
				GCC_DYNAMIC_NO_PIC = NO;
				GCC_NO_COMMON_BLOCKS = YES;
				GCC_OPTIMIZATION_LEVEL = 0;
				GCC_PREPROCESSOR_DEFINITIONS = (
					"DEBUG=1",
					"$(inherited)",
				);
				GCC_WARN_64_TO_32_BIT_CONVERSION = YES;
				GCC_WARN_ABOUT_RETURN_TYPE = YES_ERROR;
				GCC_WARN_UNDECLARED_SELECTOR = YES;
				GCC_WARN_UNINITIALIZED_AUTOS = YES_AGGRESSIVE;
				GCC_WARN_UNUSED_FUNCTION = YES;
				GCC_WARN_UNUSED_VARIABLE = YES;
				IPHONEOS_DEPLOYMENT_TARGET = 14.0;
				MTL_ENABLE_DEBUG_INFO = INCLUDE_SOURCE;
				MTL_FAST_MATH = YES;
				ONLY_ACTIVE_ARCH = YES;
				SDKROOT = iphoneos;
				SWIFT_ACTIVE_COMPILATION_CONDITIONS = DEBUG;
				SWIFT_OPTIMIZATION_LEVEL = "-Onone";
			};
			name = Debug;
		};
		94E6BE4E2558D10C005DC341 /* Release */ = {
			isa = XCBuildConfiguration;
			buildSettings = {
				ALWAYS_SEARCH_USER_PATHS = NO;
				CLANG_ANALYZER_NONNULL = YES;
				CLANG_ANALYZER_NUMBER_OBJECT_CONVERSION = YES_AGGRESSIVE;
				CLANG_CXX_LANGUAGE_STANDARD = "gnu++14";
				CLANG_CXX_LIBRARY = "libc++";
				CLANG_ENABLE_MODULES = YES;
				CLANG_ENABLE_OBJC_ARC = YES;
				CLANG_ENABLE_OBJC_WEAK = YES;
				CLANG_WARN_BLOCK_CAPTURE_AUTORELEASING = YES;
				CLANG_WARN_BOOL_CONVERSION = YES;
				CLANG_WARN_COMMA = YES;
				CLANG_WARN_CONSTANT_CONVERSION = YES;
				CLANG_WARN_DEPRECATED_OBJC_IMPLEMENTATIONS = YES;
				CLANG_WARN_DIRECT_OBJC_ISA_USAGE = YES_ERROR;
				CLANG_WARN_DOCUMENTATION_COMMENTS = YES;
				CLANG_WARN_EMPTY_BODY = YES;
				CLANG_WARN_ENUM_CONVERSION = YES;
				CLANG_WARN_INFINITE_RECURSION = YES;
				CLANG_WARN_INT_CONVERSION = YES;
				CLANG_WARN_NON_LITERAL_NULL_CONVERSION = YES;
				CLANG_WARN_OBJC_IMPLICIT_RETAIN_SELF = YES;
				CLANG_WARN_OBJC_LITERAL_CONVERSION = YES;
				CLANG_WARN_OBJC_ROOT_CLASS = YES_ERROR;
				CLANG_WARN_QUOTED_INCLUDE_IN_FRAMEWORK_HEADER = YES;
				CLANG_WARN_RANGE_LOOP_ANALYSIS = YES;
				CLANG_WARN_STRICT_PROTOTYPES = YES;
				CLANG_WARN_SUSPICIOUS_MOVE = YES;
				CLANG_WARN_UNGUARDED_AVAILABILITY = YES_AGGRESSIVE;
				CLANG_WARN_UNREACHABLE_CODE = YES;
				CLANG_WARN__DUPLICATE_METHOD_MATCH = YES;
				COPY_PHASE_STRIP = NO;
				DEBUG_INFORMATION_FORMAT = "dwarf-with-dsym";
				ENABLE_NS_ASSERTIONS = NO;
				ENABLE_STRICT_OBJC_MSGSEND = YES;
				GCC_C_LANGUAGE_STANDARD = gnu11;
				GCC_NO_COMMON_BLOCKS = YES;
				GCC_WARN_64_TO_32_BIT_CONVERSION = YES;
				GCC_WARN_ABOUT_RETURN_TYPE = YES_ERROR;
				GCC_WARN_UNDECLARED_SELECTOR = YES;
				GCC_WARN_UNINITIALIZED_AUTOS = YES_AGGRESSIVE;
				GCC_WARN_UNUSED_FUNCTION = YES;
				GCC_WARN_UNUSED_VARIABLE = YES;
				IPHONEOS_DEPLOYMENT_TARGET = 14.0;
				MTL_ENABLE_DEBUG_INFO = NO;
				MTL_FAST_MATH = YES;
				SDKROOT = iphoneos;
				SWIFT_COMPILATION_MODE = wholemodule;
				SWIFT_OPTIMIZATION_LEVEL = "-O";
				VALIDATE_PRODUCT = YES;
			};
			name = Release;
		};
		94E6BE502558D10C005DC341 /* Debug */ = {
			isa = XCBuildConfiguration;
			buildSettings = {
				ASSETCATALOG_COMPILER_APPICON_NAME = "AppIcon-1";
				ASSETCATALOG_COMPILER_GLOBAL_ACCENT_COLOR_NAME = AccentColor;
				CODE_SIGN_STYLE = Automatic;
				DEVELOPMENT_ASSET_PATHS = "\"Landmarks_JMR/Preview Content\"";
				ENABLE_PREVIEWS = YES;
				INFOPLIST_FILE = Landmarks_JMR/Info.plist;
				IPHONEOS_DEPLOYMENT_TARGET = 14.0;
				LD_RUNPATH_SEARCH_PATHS = (
					"$(inherited)",
					"@executable_path/Frameworks",
				);
				PRODUCT_BUNDLE_IDENTIFIER = "acu.edu.Landmarks-JMR";
				PRODUCT_NAME = "$(TARGET_NAME)";
				SWIFT_VERSION = 5.0;
				TARGETED_DEVICE_FAMILY = "1,2";
			};
			name = Debug;
		};
		94E6BE512558D10C005DC341 /* Release */ = {
			isa = XCBuildConfiguration;
			buildSettings = {
				ASSETCATALOG_COMPILER_APPICON_NAME = "AppIcon-1";
				ASSETCATALOG_COMPILER_GLOBAL_ACCENT_COLOR_NAME = AccentColor;
				CODE_SIGN_STYLE = Automatic;
				DEVELOPMENT_ASSET_PATHS = "\"Landmarks_JMR/Preview Content\"";
				ENABLE_PREVIEWS = YES;
				INFOPLIST_FILE = Landmarks_JMR/Info.plist;
				IPHONEOS_DEPLOYMENT_TARGET = 14.0;
				LD_RUNPATH_SEARCH_PATHS = (
					"$(inherited)",
					"@executable_path/Frameworks",
				);
				PRODUCT_BUNDLE_IDENTIFIER = "acu.edu.Landmarks-JMR";
				PRODUCT_NAME = "$(TARGET_NAME)";
				SWIFT_VERSION = 5.0;
				TARGETED_DEVICE_FAMILY = "1,2";
			};
			name = Release;
		};
/* End XCBuildConfiguration section */

/* Begin XCConfigurationList section */
		94E6BE3B2558D109005DC341 /* Build configuration list for PBXProject "Landmarks_JMR" */ = {
			isa = XCConfigurationList;
			buildConfigurations = (
				94E6BE4D2558D10C005DC341 /* Debug */,
				94E6BE4E2558D10C005DC341 /* Release */,
			);
			defaultConfigurationIsVisible = 0;
			defaultConfigurationName = Release;
		};
		94E6BE4F2558D10C005DC341 /* Build configuration list for PBXNativeTarget "Landmarks_JMR" */ = {
			isa = XCConfigurationList;
			buildConfigurations = (
				94E6BE502558D10C005DC341 /* Debug */,
				94E6BE512558D10C005DC341 /* Release */,
			);
			defaultConfigurationIsVisible = 0;
			defaultConfigurationName = Release;
		};
/* End XCConfigurationList section */
	};
	rootObject = 94E6BE382558D109005DC341 /* Project object */;
}
